
Microsoft Visual Studio Solution File, Format Version 12.00
# Visual Studio Version 16
VisualStudioVersion = 16.0.33214.272
MinimumVisualStudioVersion = 10.0.40219.1
Project("{FAE04EC0-301F-11D3-BF4B-00C04F79EFBC}") = "Consoles", "Console\Consoles.csproj", "{955063F4-2E96-444A-9CFD-D58F274F9131}"
EndProject
Project("{FAE04EC0-301F-11D3-BF4B-00C04F79EFBC}") = "UnitTestProject", "UnitTestProject\UnitTestProject.csproj", "{4F341A53-1F1D-45D1-A9F0-B41E9BDF1FFC}"
EndProject
Global
	GlobalSection(SolutionConfigurationPlatforms) = preSolution
		Debug|Any CPU = Debug|Any CPU
		Release|Any CPU = Release|Any CPU
	EndGlobalSection
	GlobalSection(ProjectConfigurationPlatforms) = postSolution
		{955063F4-2E96-444A-9CFD-D58F274F9131}.Debug|Any CPU.ActiveCfg = Debug|Any CPU
		{955063F4-2E96-444A-9CFD-D58F274F9131}.Debug|Any CPU.Build.0 = Debug|Any CPU
		{955063F4-2E96-444A-9CFD-D58F274F9131}.Release|Any CPU.ActiveCfg = Release|Any CPU
		{955063F4-2E96-444A-9CFD-D58F274F9131}.Release|Any CPU.Build.0 = Release|Any CPU
		{4F341A53-1F1D-45D1-A9F0-B41E9BDF1FFC}.Debug|Any CPU.ActiveCfg = Debug|Any CPU
		{4F341A53-1F1D-45D1-A9F0-B41E9BDF1FFC}.Debug|Any CPU.Build.0 = Debug|Any CPU
		{4F341A53-1F1D-45D1-A9F0-B41E9BDF1FFC}.Release|Any CPU.ActiveCfg = Release|Any CPU
		{4F341A53-1F1D-45D1-A9F0-B41E9BDF1FFC}.Release|Any CPU.Build.0 = Release|Any CPU
	EndGlobalSection
	GlobalSection(SolutionProperties) = preSolution
		HideSolutionNode = FALSE
	EndGlobalSection
	GlobalSection(ExtensibilityGlobals) = postSolution
		SolutionGuid = {6E8B6B35-4BAA-44E9-A93F-3DA1ED097EA1}
	EndGlobalSection
EndGlobal
